
Microsoft Visual Studio Solution File, Format Version 12.00
# Visual Studio 15
VisualStudioVersion = 15.0.27703.2035
MinimumVisualStudioVersion = 10.0.40219.1
Project("{FAE04EC0-301F-11D3-BF4B-00C04F79EFBC}") = "ConsolaGit", "ConsolaGit\ConsolaGit.csproj", "{E96E12F1-DDC8-450A-8289-1084A67C3D32}"
EndProject
Project("{FAE04EC0-301F-11D3-BF4B-00C04F79EFBC}") = "BibliotecaGit", "BibliotecaGit\BibliotecaGit.csproj", "{8D62CA9A-00AA-486A-BB5C-D8CF1F054970}"
EndProject
Project("{2150E333-8FDC-42A3-9474-1A3956D46DE8}") = "Solution Items", "Solution Items", "{308EF270-BDD3-471B-ABA0-A8261F051CC1}"
	ProjectSection(SolutionItems) = preProject
		.gitignore = .gitignore
	EndProjectSection
EndProject
Global
	GlobalSection(SolutionConfigurationPlatforms) = preSolution
		Debug|Any CPU = Debug|Any CPU
		Release|Any CPU = Release|Any CPU
	EndGlobalSection
	GlobalSection(ProjectConfigurationPlatforms) = postSolution
		{E96E12F1-DDC8-450A-8289-1084A67C3D32}.Debug|Any CPU.ActiveCfg = Debug|Any CPU
		{E96E12F1-DDC8-450A-8289-1084A67C3D32}.Debug|Any CPU.Build.0 = Debug|Any CPU
		{E96E12F1-DDC8-450A-8289-1084A67C3D32}.Release|Any CPU.ActiveCfg = Release|Any CPU
		{E96E12F1-DDC8-450A-8289-1084A67C3D32}.Release|Any CPU.Build.0 = Release|Any CPU
		{8D62CA9A-00AA-486A-BB5C-D8CF1F054970}.Debug|Any CPU.ActiveCfg = Debug|Any CPU
		{8D62CA9A-00AA-486A-BB5C-D8CF1F054970}.Debug|Any CPU.Build.0 = Debug|Any CPU
		{8D62CA9A-00AA-486A-BB5C-D8CF1F054970}.Release|Any CPU.ActiveCfg = Release|Any CPU
		{8D62CA9A-00AA-486A-BB5C-D8CF1F054970}.Release|Any CPU.Build.0 = Release|Any CPU
	EndGlobalSection
	GlobalSection(SolutionProperties) = preSolution
		HideSolutionNode = FALSE
	EndGlobalSection
	GlobalSection(ExtensibilityGlobals) = postSolution
		SolutionGuid = {E4E0AD22-B442-4093-879E-F192A3A1FF19}
	EndGlobalSection
EndGlobal
